
Microsoft Visual Studio Solution File, Format Version 12.00
# Visual Studio 2013
VisualStudioVersion = 12.0.30501.0
MinimumVisualStudioVersion = 10.0.40219.1
Project("{FAE04EC0-301F-11D3-BF4B-00C04F79EFBC}") = "PongGame", "PongGame\PongGame.csproj", "{DAB2E544-D93E-4F95-8DC6-AB4C4C702334}"
EndProject
Project("{FAE04EC0-301F-11D3-BF4B-00C04F79EFBC}") = "TrafficLights", "TrafficLights\TrafficLights.csproj", "{68E55A9A-D0FC-42F6-A070-07C8FD5B9C1C}"
EndProject
Project("{FAE04EC0-301F-11D3-BF4B-00C04F79EFBC}") = "RacingTurtle", "RacingTurtle\RacingTurtle.csproj", "{BDFF3DF5-61AE-4660-8BB8-DEDF7A64FEC7}"
EndProject
Global
	GlobalSection(SolutionConfigurationPlatforms) = preSolution
		Debug|Any CPU = Debug|Any CPU
		Release|Any CPU = Release|Any CPU
	EndGlobalSection
	GlobalSection(ProjectConfigurationPlatforms) = postSolution
		{DAB2E544-D93E-4F95-8DC6-AB4C4C702334}.Debug|Any CPU.ActiveCfg = Debug|Any CPU
		{DAB2E544-D93E-4F95-8DC6-AB4C4C702334}.Debug|Any CPU.Build.0 = Debug|Any CPU
		{DAB2E544-D93E-4F95-8DC6-AB4C4C702334}.Release|Any CPU.ActiveCfg = Release|Any CPU
		{DAB2E544-D93E-4F95-8DC6-AB4C4C702334}.Release|Any CPU.Build.0 = Release|Any CPU
		{68E55A9A-D0FC-42F6-A070-07C8FD5B9C1C}.Debug|Any CPU.ActiveCfg = Debug|Any CPU
		{68E55A9A-D0FC-42F6-A070-07C8FD5B9C1C}.Debug|Any CPU.Build.0 = Debug|Any CPU
		{68E55A9A-D0FC-42F6-A070-07C8FD5B9C1C}.Release|Any CPU.ActiveCfg = Release|Any CPU
		{68E55A9A-D0FC-42F6-A070-07C8FD5B9C1C}.Release|Any CPU.Build.0 = Release|Any CPU
		{BDFF3DF5-61AE-4660-8BB8-DEDF7A64FEC7}.Debug|Any CPU.ActiveCfg = Debug|Any CPU
		{BDFF3DF5-61AE-4660-8BB8-DEDF7A64FEC7}.Debug|Any CPU.Build.0 = Debug|Any CPU
		{BDFF3DF5-61AE-4660-8BB8-DEDF7A64FEC7}.Release|Any CPU.ActiveCfg = Release|Any CPU
		{BDFF3DF5-61AE-4660-8BB8-DEDF7A64FEC7}.Release|Any CPU.Build.0 = Release|Any CPU
	EndGlobalSection
	GlobalSection(SolutionProperties) = preSolution
		HideSolutionNode = FALSE
	EndGlobalSection
EndGlobal
